# This file was autogenerated by Stack.
# You should not edit this file by hand.
# For more information, please see the documentation at:
#   https://docs.haskellstack.org/en/stable/lock_files

packages: []
snapshots:
- completed:
    size: 520654
    url: https://raw.githubusercontent.com/commercialhaskell/stackage-snapshots/master/nightly/2020/8/13.yaml
    sha256: 45dc3acb60203159f6b7f0f9561e328f62d697f3004a7224fd7737dd896fad4d
  original: nightly-2020-08-13
